
Microsoft Visual Studio Solution File, Format Version 12.00
# Visual Studio Version 16
VisualStudioVersion = 16.0.35425.106
MinimumVisualStudioVersion = 10.0.40219.1
Project("{FAE04EC0-301F-11D3-BF4B-00C04F79EFBC}") = "Modbus TCP Server", "Modbus TCP Server\Modbus TCP Server.csproj", "{5E90E8D9-D925-4FD0-A3C1-CA595AF9A150}"
EndProject
Global
	GlobalSection(SolutionConfigurationPlatforms) = preSolution
		Debug|Any CPU = Debug|Any CPU
		Release|Any CPU = Release|Any CPU
	EndGlobalSection
	GlobalSection(ProjectConfigurationPlatforms) = postSolution
		{5E90E8D9-D925-4FD0-A3C1-CA595AF9A150}.Debug|Any CPU.ActiveCfg = Debug|Any CPU
		{5E90E8D9-D925-4FD0-A3C1-CA595AF9A150}.Debug|Any CPU.Build.0 = Debug|Any CPU
		{5E90E8D9-D925-4FD0-A3C1-CA595AF9A150}.Release|Any CPU.ActiveCfg = Release|Any CPU
		{5E90E8D9-D925-4FD0-A3C1-CA595AF9A150}.Release|Any CPU.Build.0 = Release|Any CPU
	EndGlobalSection
	GlobalSection(SolutionProperties) = preSolution
		HideSolutionNode = FALSE
	EndGlobalSection
	GlobalSection(ExtensibilityGlobals) = postSolution
		SolutionGuid = {FD01A8D1-F3B1-4397-9CD0-9F484D30CB30}
	EndGlobalSection
EndGlobal
